
Microsoft Visual Studio Solution File, Format Version 12.00
# Visual Studio Version 17
VisualStudioVersion = 17.4.33122.133
MinimumVisualStudioVersion = 10.0.40219.1
Project("{FAE04EC0-301F-11D3-BF4B-00C04F79EFBC}") = "ADO.Net_EmployeePayroll", "ADO.Net_EmployeePayroll\ADO.Net_EmployeePayroll.csproj", "{BEBA9A48-5507-4D8B-A9C6-6434A4E421C3}"
EndProject
Global
	GlobalSection(SolutionConfigurationPlatforms) = preSolution
		Debug|Any CPU = Debug|Any CPU
		Release|Any CPU = Release|Any CPU
	EndGlobalSection
	GlobalSection(ProjectConfigurationPlatforms) = postSolution
		{BEBA9A48-5507-4D8B-A9C6-6434A4E421C3}.Debug|Any CPU.ActiveCfg = Debug|Any CPU
		{BEBA9A48-5507-4D8B-A9C6-6434A4E421C3}.Debug|Any CPU.Build.0 = Debug|Any CPU
		{BEBA9A48-5507-4D8B-A9C6-6434A4E421C3}.Release|Any CPU.ActiveCfg = Release|Any CPU
		{BEBA9A48-5507-4D8B-A9C6-6434A4E421C3}.Release|Any CPU.Build.0 = Release|Any CPU
	EndGlobalSection
	GlobalSection(SolutionProperties) = preSolution
		HideSolutionNode = FALSE
	EndGlobalSection
	GlobalSection(ExtensibilityGlobals) = postSolution
		SolutionGuid = {3708EC8C-CC58-4668-B4AC-F1BCFDD49DEA}
	EndGlobalSection
EndGlobal
